
Microsoft Visual Studio Solution File, Format Version 12.00
# Visual Studio Version 16
VisualStudioVersion = 16.0.29926.136
MinimumVisualStudioVersion = 10.0.40219.1
Project("{FAE04EC0-301F-11D3-BF4B-00C04F79EFBC}") = "RoundingDecimals", "RoundingDecimals\RoundingDecimals.csproj", "{067E2B1B-EBF6-450B-A44F-6BDE3F58D1B4}"
EndProject
Global
	GlobalSection(SolutionConfigurationPlatforms) = preSolution
		Debug|Any CPU = Debug|Any CPU
		Release|Any CPU = Release|Any CPU
	EndGlobalSection
	GlobalSection(ProjectConfigurationPlatforms) = postSolution
		{067E2B1B-EBF6-450B-A44F-6BDE3F58D1B4}.Debug|Any CPU.ActiveCfg = Debug|Any CPU
		{067E2B1B-EBF6-450B-A44F-6BDE3F58D1B4}.Debug|Any CPU.Build.0 = Debug|Any CPU
		{067E2B1B-EBF6-450B-A44F-6BDE3F58D1B4}.Release|Any CPU.ActiveCfg = Release|Any CPU
		{067E2B1B-EBF6-450B-A44F-6BDE3F58D1B4}.Release|Any CPU.Build.0 = Release|Any CPU
	EndGlobalSection
	GlobalSection(SolutionProperties) = preSolution
		HideSolutionNode = FALSE
	EndGlobalSection
	GlobalSection(ExtensibilityGlobals) = postSolution
		SolutionGuid = {FD9606AB-4D4C-4E62-8E92-E781AAD44DD4}
	EndGlobalSection
EndGlobal
