
Microsoft Visual Studio Solution File, Format Version 12.00
# Visual Studio Version 16
VisualStudioVersion = 16.0.29926.136
MinimumVisualStudioVersion = 10.0.40219.1
Project("{FAE04EC0-301F-11D3-BF4B-00C04F79EFBC}") = "PercentageProgram", "PercentageProgram\PercentageProgram.csproj", "{FD4164B4-D11E-48E5-B9C2-8DDDB6BBC6FF}"
EndProject
Global
	GlobalSection(SolutionConfigurationPlatforms) = preSolution
		Debug|Any CPU = Debug|Any CPU
		Release|Any CPU = Release|Any CPU
	EndGlobalSection
	GlobalSection(ProjectConfigurationPlatforms) = postSolution
		{FD4164B4-D11E-48E5-B9C2-8DDDB6BBC6FF}.Debug|Any CPU.ActiveCfg = Debug|Any CPU
		{FD4164B4-D11E-48E5-B9C2-8DDDB6BBC6FF}.Debug|Any CPU.Build.0 = Debug|Any CPU
		{FD4164B4-D11E-48E5-B9C2-8DDDB6BBC6FF}.Release|Any CPU.ActiveCfg = Release|Any CPU
		{FD4164B4-D11E-48E5-B9C2-8DDDB6BBC6FF}.Release|Any CPU.Build.0 = Release|Any CPU
	EndGlobalSection
	GlobalSection(SolutionProperties) = preSolution
		HideSolutionNode = FALSE
	EndGlobalSection
	GlobalSection(ExtensibilityGlobals) = postSolution
		SolutionGuid = {AC3AD493-CD69-4466-91A3-41B458AC0DD4}
	EndGlobalSection
EndGlobal
